# generated by rye
# use `rye lock` or `rye sync` to update this lockfile
#
# last locked with the following flags:
#   pre: false
#   features: []
#   all-features: true
#   with-sources: false

-e file:.
aenum==3.1.15
    # via intellifire4py
aiohttp==3.9.5
    # via aioresponses
    # via intellifire4py
aioresponses==0.7.6
aiosignal==1.3.1
    # via aiohttp
alabaster==0.7.16
    # via sphinx
annotated-types==0.6.0
    # via pydantic
argcomplete==3.3.0
    # via nox
attrs==23.2.0
    # via aiohttp
babel==2.14.0
    # via sphinx
boolean-py==4.0
    # via license-expression
cachecontrol==0.14.0
    # via pip-audit
certifi==2024.2.2
    # via requests
cfgv==3.4.0
    # via pre-commit
charset-normalizer==3.3.2
    # via requests
click==8.1.7
    # via sphinx-click
colorama==0.4.6
    # via sphinx-autobuild
colorlog==6.8.2
    # via nox
coverage==7.4.4
    # via pytest-cov
cyclonedx-python-lib==6.4.4
    # via pip-audit
defusedxml==0.7.1
    # via py-serializable
distlib==0.3.8
    # via virtualenv
docutils==0.20.1
    # via myst-parser
    # via sphinx
    # via sphinx-click
execnet==2.1.1
    # via pytest-xdist
filelock==3.13.4
    # via cachecontrol
    # via virtualenv
frozenlist==1.4.1
    # via aiohttp
    # via aiosignal
html5lib==1.1
    # via pip-audit
identify==2.5.35
    # via pre-commit
idna==3.7
    # via requests
    # via yarl
imagesize==1.4.1
    # via sphinx
iniconfig==2.0.0
    # via pytest
jinja2==3.1.3
    # via myst-parser
    # via sphinx
license-expression==30.3.0
    # via cyclonedx-python-lib
livereload==2.6.3
    # via sphinx-autobuild
markdown-it-py==3.0.0
    # via mdit-py-plugins
    # via myst-parser
    # via rich
markupsafe==2.1.5
    # via jinja2
mdit-py-plugins==0.4.0
    # via myst-parser
mdurl==0.1.2
    # via markdown-it-py
msgpack==1.0.8
    # via cachecontrol
multidict==6.0.5
    # via aiohttp
    # via yarl
mypy==1.5.1
mypy-extensions==1.0.0
    # via mypy
myst-parser==2.0.0
nodeenv==1.8.0
    # via pre-commit
nox==2023.4.22
    # via nox-poetry
nox-poetry==1.0.3
packageurl-python==0.15.0
    # via cyclonedx-python-lib
packaging==24.0
    # via nox
    # via nox-poetry
    # via pip-audit
    # via pip-requirements-parser
    # via pytest
    # via sphinx
pip==24.0
    # via pip-api
pip-api==0.0.33
    # via pip-audit
pip-audit==2.7.2
pip-requirements-parser==32.0.1
    # via pip-audit
platformdirs==4.2.0
    # via virtualenv
pluggy==1.4.0
    # via pytest
pre-commit==3.4.0
pre-commit-hooks==4.5.0
py-serializable==1.0.3
    # via cyclonedx-python-lib
pydantic==2.7.0
    # via intellifire4py
pydantic-core==2.18.1
    # via pydantic
pygments==2.17.2
    # via rich
    # via sphinx
pyparsing==3.1.2
    # via pip-requirements-parser
pytest==8.1.1
    # via pytest-asyncio
    # via pytest-cov
    # via pytest-xdist
pytest-asyncio==0.21.1
pytest-cov==4.1.0
pytest-xdist==3.5.0
pyupgrade==3.13.0
pyyaml==6.0.1
    # via myst-parser
    # via pre-commit
requests==2.31.0
    # via cachecontrol
    # via pip-audit
    # via sphinx
rich==13.7.1
    # via intellifire4py
    # via pip-audit
ruamel-yaml==0.18.6
    # via pre-commit-hooks
ruamel-yaml-clib==0.2.8
    # via ruamel-yaml
setuptools==69.5.1
    # via nodeenv
six==1.16.0
    # via html5lib
    # via livereload
    # via xdoctest
snowballstemmer==2.2.0
    # via sphinx
sortedcontainers==2.4.0
    # via cyclonedx-python-lib
sphinx==7.2.6
    # via myst-parser
    # via sphinx-autobuild
    # via sphinx-click
    # via sphinx-copybutton
sphinx-autobuild==2021.3.14
sphinx-click==5.0.1
sphinx-copybutton==0.5.2
sphinxcontrib-applehelp==1.0.8
    # via sphinx
sphinxcontrib-devhelp==1.0.6
    # via sphinx
sphinxcontrib-htmlhelp==2.0.5
    # via sphinx
sphinxcontrib-jsmath==1.0.1
    # via sphinx
sphinxcontrib-qthelp==1.0.7
    # via sphinx
sphinxcontrib-serializinghtml==1.1.10
    # via sphinx
tokenize-rt==5.2.0
    # via pyupgrade
toml==0.10.2
    # via pip-audit
tomlkit==0.12.4
    # via nox-poetry
tornado==6.4
    # via livereload
typeguard==4.1.5
typing-extensions==4.11.0
    # via mypy
    # via pydantic
    # via pydantic-core
urllib3==2.2.1
    # via requests
virtualenv==20.25.3
    # via nox
    # via pre-commit
webencodings==0.5.1
    # via html5lib
xdoctest==1.1.1
yarl==1.9.4
    # via aiohttp
